// !$*UTF8*$!
{
	archiveVersion = 1;
	classes = {
	};
	objectVersion = 56;
	objects = {

/* Begin PBXBuildFile section */
		9E8637FE2CA61BDD00B97189 /* AppDelegate.swift in Sources */ = {isa = PBXBuildFile; fileRef = 9E8637FD2CA61BDD00B97189 /* AppDelegate.swift */; };
		9E8638002CA61BDD00B97189 /* SceneDelegate.swift in Sources */ = {isa = PBXBuildFile; fileRef = 9E8637FF2CA61BDD00B97189 /* SceneDelegate.swift */; };
		9E8638022CA61BDD00B97189 /* ViewController.swift in Sources */ = {isa = PBXBuildFile; fileRef = 9E8638012CA61BDD00B97189 /* ViewController.swift */; };
		9E8638052CA61BDD00B97189 /* Base in Resources */ = {isa = PBXBuildFile; fileRef = 9E8638042CA61BDD00B97189 /* Base */; };
		9E8638072CA61BDE00B97189 /* Assets.xcassets in Resources */ = {isa = PBXBuildFile; fileRef = 9E8638062CA61BDE00B97189 /* Assets.xcassets */; };
		9E86380A2CA61BDE00B97189 /* Base in Resources */ = {isa = PBXBuildFile; fileRef = 9E8638092CA61BDE00B97189 /* Base */; };
		B929B91476F87BCA5DF912AE /* Pods_NvidiaAIExample.framework in Frameworks */ = {isa = PBXBuildFile; fileRef = C397B5EA4D916B2C7B7041C8 /* Pods_NvidiaAIExample.framework */; };
/* End PBXBuildFile section */

/* Begin PBXFileReference section */
		6A48E798CC82829E9581F078 /* Pods-NvidiaAIExample.debug.xcconfig */ = {isa = PBXFileReference; includeInIndex = 1; lastKnownFileType = text.xcconfig; name = "Pods-NvidiaAIExample.debug.xcconfig"; path = "Target Support Files/Pods-NvidiaAIExample/Pods-NvidiaAIExample.debug.xcconfig"; sourceTree = "<group>"; };
		7A0763D5DA1DD7B92DE42051 /* Pods-NvidiaAIExample.release.xcconfig */ = {isa = PBXFileReference; includeInIndex = 1; lastKnownFileType = text.xcconfig; name = "Pods-NvidiaAIExample.release.xcconfig"; path = "Target Support Files/Pods-NvidiaAIExample/Pods-NvidiaAIExample.release.xcconfig"; sourceTree = "<group>"; };
		9E8637FA2CA61BDD00B97189 /* NvidiaAIExample.app */ = {isa = PBXFileReference; explicitFileType = wrapper.application; includeInIndex = 0; path = NvidiaAIExample.app; sourceTree = BUILT_PRODUCTS_DIR; };
		9E8637FD2CA61BDD00B97189 /* AppDelegate.swift */ = {isa = PBXFileReference; lastKnownFileType = sourcecode.swift; path = AppDelegate.swift; sourceTree = "<group>"; };
		9E8637FF2CA61BDD00B97189 /* SceneDelegate.swift */ = {isa = PBXFileReference; lastKnownFileType = sourcecode.swift; path = SceneDelegate.swift; sourceTree = "<group>"; };
		9E8638012CA61BDD00B97189 /* ViewController.swift */ = {isa = PBXFileReference; lastKnownFileType = sourcecode.swift; path = ViewController.swift; sourceTree = "<group>"; };
		9E8638042CA61BDD00B97189 /* Base */ = {isa = PBXFileReference; lastKnownFileType = file.storyboard; name = Base; path = Base.lproj/Main.storyboard; sourceTree = "<group>"; };
		9E8638062CA61BDE00B97189 /* Assets.xcassets */ = {isa = PBXFileReference; lastKnownFileType = folder.assetcatalog; path = Assets.xcassets; sourceTree = "<group>"; };
		9E8638092CA61BDE00B97189 /* Base */ = {isa = PBXFileReference; lastKnownFileType = file.storyboard; name = Base; path = Base.lproj/LaunchScreen.storyboard; sourceTree = "<group>"; };
		9E86380B2CA61BDE00B97189 /* Info.plist */ = {isa = PBXFileReference; lastKnownFileType = text.plist.xml; path = Info.plist; sourceTree = "<group>"; };
		C397B5EA4D916B2C7B7041C8 /* Pods_NvidiaAIExample.framework */ = {isa = PBXFileReference; explicitFileType = wrapper.framework; includeInIndex = 0; path = Pods_NvidiaAIExample.framework; sourceTree = BUILT_PRODUCTS_DIR; };
/* End PBXFileReference section */

/* Begin PBXFrameworksBuildPhase section */
		9E8637F72CA61BDD00B97189 /* Frameworks */ = {
			isa = PBXFrameworksBuildPhase;
			buildActionMask = 2147483647;
			files = (
				B929B91476F87BCA5DF912AE /* Pods_NvidiaAIExample.framework in Frameworks */,
			);
			runOnlyForDeploymentPostprocessing = 0;
		};
/* End PBXFrameworksBuildPhase section */

/* Begin PBXGroup section */
		9E8637F12CA61BDC00B97189 = {
			isa = PBXGroup;
			children = (
				9E8637FC2CA61BDD00B97189 /* NvidiaAIExample */,
				9E8637FB2CA61BDD00B97189 /* Products */,
				BC48AF4F26673044FD4DFA67 /* Pods */,
				A437089B94CC8D8F355120FD /* Frameworks */,
			);
			sourceTree = "<group>";
		};
		9E8637FB2CA61BDD00B97189 /* Products */ = {
			isa = PBXGroup;
			children = (
				9E8637FA2CA61BDD00B97189 /* NvidiaAIExample.app */,
			);
			name = Products;
			sourceTree = "<group>";
		};
		9E8637FC2CA61BDD00B97189 /* NvidiaAIExample */ = {
			isa = PBXGroup;
			children = (
				9E8637FD2CA61BDD00B97189 /* AppDelegate.swift */,
				9E8637FF2CA61BDD00B97189 /* SceneDelegate.swift */,
				9E8638012CA61BDD00B97189 /* ViewController.swift */,
				9E8638032CA61BDD00B97189 /* Main.storyboard */,
				9E8638062CA61BDE00B97189 /* Assets.xcassets */,
				9E8638082CA61BDE00B97189 /* LaunchScreen.storyboard */,
				9E86380B2CA61BDE00B97189 /* Info.plist */,
			);
			path = NvidiaAIExample;
			sourceTree = "<group>";
		};
		A437089B94CC8D8F355120FD /* Frameworks */ = {
			isa = PBXGroup;
			children = (
				C397B5EA4D916B2C7B7041C8 /* Pods_NvidiaAIExample.framework */,
			);
			name = Frameworks;
			sourceTree = "<group>";
		};
		BC48AF4F26673044FD4DFA67 /* Pods */ = {
			isa = PBXGroup;
			children = (
				6A48E798CC82829E9581F078 /* Pods-NvidiaAIExample.debug.xcconfig */,
				7A0763D5DA1DD7B92DE42051 /* Pods-NvidiaAIExample.release.xcconfig */,
			);
			path = Pods;
			sourceTree = "<group>";
		};
/* End PBXGroup section */

/* Begin PBXNativeTarget section */
		9E8637F92CA61BDD00B97189 /* NvidiaAIExample */ = {
			isa = PBXNativeTarget;
			buildConfigurationList = 9E86380E2CA61BDF00B97189 /* Build configuration list for PBXNativeTarget "NvidiaAIExample" */;
			buildPhases = (
				3574C74D7D6BC4B545E9DE26 /* [CP] Check Pods Manifest.lock */,
				9E8637F62CA61BDD00B97189 /* Sources */,
				9E8637F72CA61BDD00B97189 /* Frameworks */,
				9E8637F82CA61BDD00B97189 /* Resources */,
				56A1B18FB96679F979F25896 /* [CP] Embed Pods Frameworks */,
			);
			buildRules = (
			);
			dependencies = (
			);
			name = NvidiaAIExample;
			productName = NvidiaAIExample;
			productReference = 9E8637FA2CA61BDD00B97189 /* NvidiaAIExample.app */;
			productType = "com.apple.product-type.application";
		};
/* End PBXNativeTarget section */

/* Begin PBXProject section */
		9E8637F22CA61BDC00B97189 /* Project object */ = {
			isa = PBXProject;
			attributes = {
				BuildIndependentTargetsInParallel = 1;
				LastSwiftUpdateCheck = 1530;
				LastUpgradeCheck = 1530;
				TargetAttributes = {
					9E8637F92CA61BDD00B97189 = {
						CreatedOnToolsVersion = 15.3;
					};
				};
			};
			buildConfigurationList = 9E8637F52CA61BDC00B97189 /* Build configuration list for PBXProject "NvidiaAIExample" */;
			compatibilityVersion = "Xcode 14.0";
			developmentRegion = en;
			hasScannedForEncodings = 0;
			knownRegions = (
				en,
				Base,
			);
			mainGroup = 9E8637F12CA61BDC00B97189;
			productRefGroup = 9E8637FB2CA61BDD00B97189 /* Products */;
			projectDirPath = "";
			projectRoot = "";
			targets = (
				9E8637F92CA61BDD00B97189 /* NvidiaAIExample */,
			);
		};
/* End PBXProject section */

/* Begin PBXResourcesBuildPhase section */
		9E8637F82CA61BDD00B97189 /* Resources */ = {
			isa = PBXResourcesBuildPhase;
			buildActionMask = 2147483647;
			files = (
				9E8638072CA61BDE00B97189 /* Assets.xcassets in Resources */,
				9E86380A2CA61BDE00B97189 /* Base in Resources */,
				9E8638052CA61BDD00B97189 /* Base in Resources */,
			);
			runOnlyForDeploymentPostprocessing = 0;
		};
/* End PBXResourcesBuildPhase section */

/* Begin PBXShellScriptBuildPhase section */
		3574C74D7D6BC4B545E9DE26 /* [CP] Check Pods Manifest.lock */ = {
			isa = PBXShellScriptBuildPhase;
			buildActionMask = 2147483647;
			files = (
			);
			inputFileListPaths = (
			);
			inputPaths = (
				"${PODS_PODFILE_DIR_PATH}/Podfile.lock",
				"${PODS_ROOT}/Manifest.lock",
			);
			name = "[CP] Check Pods Manifest.lock";
			outputFileListPaths = (
			);
			outputPaths = (
				"$(DERIVED_FILE_DIR)/Pods-NvidiaAIExample-checkManifestLockResult.txt",
			);
			runOnlyForDeploymentPostprocessing = 0;
			shellPath = /bin/sh;
			shellScript = "diff \"${PODS_PODFILE_DIR_PATH}/Podfile.lock\" \"${PODS_ROOT}/Manifest.lock\" > /dev/null\nif [ $? != 0 ] ; then\n    # print error to STDERR\n    echo \"error: The sandbox is not in sync with the Podfile.lock. Run 'pod install' or update your CocoaPods installation.\" >&2\n    exit 1\nfi\n# This output is used by Xcode 'outputs' to avoid re-running this script phase.\necho \"SUCCESS\" > \"${SCRIPT_OUTPUT_FILE_0}\"\n";
			showEnvVarsInLog = 0;
		};
		56A1B18FB96679F979F25896 /* [CP] Embed Pods Frameworks */ = {
			isa = PBXShellScriptBuildPhase;
			buildActionMask = 2147483647;
			files = (
			);
			inputFileListPaths = (
				"${PODS_ROOT}/Target Support Files/Pods-NvidiaAIExample/Pods-NvidiaAIExample-frameworks-${CONFIGURATION}-input-files.xcfilelist",
			);
			name = "[CP] Embed Pods Frameworks";
			outputFileListPaths = (
				"${PODS_ROOT}/Target Support Files/Pods-NvidiaAIExample/Pods-NvidiaAIExample-frameworks-${CONFIGURATION}-output-files.xcfilelist",
			);
			runOnlyForDeploymentPostprocessing = 0;
			shellPath = /bin/sh;
			shellScript = "\"${PODS_ROOT}/Target Support Files/Pods-NvidiaAIExample/Pods-NvidiaAIExample-frameworks.sh\"\n";
			showEnvVarsInLog = 0;
		};
/* End PBXShellScriptBuildPhase section */

/* Begin PBXSourcesBuildPhase section */
		9E8637F62CA61BDD00B97189 /* Sources */ = {
			isa = PBXSourcesBuildPhase;
			buildActionMask = 2147483647;
			files = (
				9E8638022CA61BDD00B97189 /* ViewController.swift in Sources */,
				9E8637FE2CA61BDD00B97189 /* AppDelegate.swift in Sources */,
				9E8638002CA61BDD00B97189 /* SceneDelegate.swift in Sources */,
			);
			runOnlyForDeploymentPostprocessing = 0;
		};
/* End PBXSourcesBuildPhase section */

/* Begin PBXVariantGroup section */
		9E8638032CA61BDD00B97189 /* Main.storyboard */ = {
			isa = PBXVariantGroup;
			children = (
				9E8638042CA61BDD00B97189 /* Base */,
			);
			name = Main.storyboard;
			sourceTree = "<group>";
		};
		9E8638082CA61BDE00B97189 /* LaunchScreen.storyboard */ = {
			isa = PBXVariantGroup;
			children = (
				9E8638092CA61BDE00B97189 /* Base */,
			);
			name = LaunchScreen.storyboard;
			sourceTree = "<group>";
		};
/* End PBXVariantGroup section */

/* Begin XCBuildConfiguration section */
		9E86380C2CA61BDE00B97189 /* Debug */ = {
			isa = XCBuildConfiguration;
			buildSettings = {
				ALWAYS_SEARCH_USER_PATHS = NO;
				ASSETCATALOG_COMPILER_GENERATE_SWIFT_ASSET_SYMBOL_EXTENSIONS = YES;
				CLANG_ANALYZER_NONNULL = YES;
				CLANG_ANALYZER_NUMBER_OBJECT_CONVERSION = YES_AGGRESSIVE;
				CLANG_CXX_LANGUAGE_STANDARD = "gnu++20";
				CLANG_ENABLE_MODULES = YES;
				CLANG_ENABLE_OBJC_ARC = YES;
				CLANG_ENABLE_OBJC_WEAK = YES;
				CLANG_WARN_BLOCK_CAPTURE_AUTORELEASING = YES;
				CLANG_WARN_BOOL_CONVERSION = YES;
				CLANG_WARN_COMMA = YES;
				CLANG_WARN_CONSTANT_CONVERSION = YES;
				CLANG_WARN_DEPRECATED_OBJC_IMPLEMENTATIONS = YES;
				CLANG_WARN_DIRECT_OBJC_ISA_USAGE = YES_ERROR;
				CLANG_WARN_DOCUMENTATION_COMMENTS = YES;
				CLANG_WARN_EMPTY_BODY = YES;
				CLANG_WARN_ENUM_CONVERSION = YES;
				CLANG_WARN_INFINITE_RECURSION = YES;
				CLANG_WARN_INT_CONVERSION = YES;
				CLANG_WARN_NON_LITERAL_NULL_CONVERSION = YES;
				CLANG_WARN_OBJC_IMPLICIT_RETAIN_SELF = YES;
				CLANG_WARN_OBJC_LITERAL_CONVERSION = YES;
				CLANG_WARN_OBJC_ROOT_CLASS = YES_ERROR;
				CLANG_WARN_QUOTED_INCLUDE_IN_FRAMEWORK_HEADER = YES;
				CLANG_WARN_RANGE_LOOP_ANALYSIS = YES;
				CLANG_WARN_STRICT_PROTOTYPES = YES;
				CLANG_WARN_SUSPICIOUS_MOVE = YES;
				CLANG_WARN_UNGUARDED_AVAILABILITY = YES_AGGRESSIVE;
				CLANG_WARN_UNREACHABLE_CODE = YES;
				CLANG_WARN__DUPLICATE_METHOD_MATCH = YES;
				COPY_PHASE_STRIP = NO;
				DEBUG_INFORMATION_FORMAT = dwarf;
				ENABLE_STRICT_OBJC_MSGSEND = YES;
				ENABLE_TESTABILITY = YES;
				ENABLE_USER_SCRIPT_SANDBOXING = NO;
				GCC_C_LANGUAGE_STANDARD = gnu17;
				GCC_DYNAMIC_NO_PIC = NO;
				GCC_NO_COMMON_BLOCKS = YES;
				GCC_OPTIMIZATION_LEVEL = 0;
				GCC_PREPROCESSOR_DEFINITIONS = (
					"DEBUG=1",
					"$(inherited)",
				);
				GCC_WARN_64_TO_32_BIT_CONVERSION = YES;
				GCC_WARN_ABOUT_RETURN_TYPE = YES_ERROR;
				GCC_WARN_UNDECLARED_SELECTOR = YES;
				GCC_WARN_UNINITIALIZED_AUTOS = YES_AGGRESSIVE;
				GCC_WARN_UNUSED_FUNCTION = YES;
				GCC_WARN_UNUSED_VARIABLE = YES;
				IPHONEOS_DEPLOYMENT_TARGET = 17.4;
				LOCALIZATION_PREFERS_STRING_CATALOGS = YES;
				MTL_ENABLE_DEBUG_INFO = INCLUDE_SOURCE;
				MTL_FAST_MATH = YES;
				ONLY_ACTIVE_ARCH = YES;
				SDKROOT = iphoneos;
				SWIFT_ACTIVE_COMPILATION_CONDITIONS = "DEBUG $(inherited)";
				SWIFT_OPTIMIZATION_LEVEL = "-Onone";
			};
			name = Debug;
		};
		9E86380D2CA61BDE00B97189 /* Release */ = {
			isa = XCBuildConfiguration;
			buildSettings = {
				ALWAYS_SEARCH_USER_PATHS = NO;
				ASSETCATALOG_COMPILER_GENERATE_SWIFT_ASSET_SYMBOL_EXTENSIONS = YES;
				CLANG_ANALYZER_NONNULL = YES;
				CLANG_ANALYZER_NUMBER_OBJECT_CONVERSION = YES_AGGRESSIVE;
				CLANG_CXX_LANGUAGE_STANDARD = "gnu++20";
				CLANG_ENABLE_MODULES = YES;
				CLANG_ENABLE_OBJC_ARC = YES;
				CLANG_ENABLE_OBJC_WEAK = YES;
				CLANG_WARN_BLOCK_CAPTURE_AUTORELEASING = YES;
				CLANG_WARN_BOOL_CONVERSION = YES;
				CLANG_WARN_COMMA = YES;
				CLANG_WARN_CONSTANT_CONVERSION = YES;
				CLANG_WARN_DEPRECATED_OBJC_IMPLEMENTATIONS = YES;
				CLANG_WARN_DIRECT_OBJC_ISA_USAGE = YES_ERROR;
				CLANG_WARN_DOCUMENTATION_COMMENTS = YES;
				CLANG_WARN_EMPTY_BODY = YES;
				CLANG_WARN_ENUM_CONVERSION = YES;
				CLANG_WARN_INFINITE_RECURSION = YES;
				CLANG_WARN_INT_CONVERSION = YES;
				CLANG_WARN_NON_LITERAL_NULL_CONVERSION = YES;
				CLANG_WARN_OBJC_IMPLICIT_RETAIN_SELF = YES;
				CLANG_WARN_OBJC_LITERAL_CONVERSION = YES;
				CLANG_WARN_OBJC_ROOT_CLASS = YES_ERROR;
				CLANG_WARN_QUOTED_INCLUDE_IN_FRAMEWORK_HEADER = YES;
				CLANG_WARN_RANGE_LOOP_ANALYSIS = YES;
				CLANG_WARN_STRICT_PROTOTYPES = YES;
				CLANG_WARN_SUSPICIOUS_MOVE = YES;
				CLANG_WARN_UNGUARDED_AVAILABILITY = YES_AGGRESSIVE;
				CLANG_WARN_UNREACHABLE_CODE = YES;
				CLANG_WARN__DUPLICATE_METHOD_MATCH = YES;
				COPY_PHASE_STRIP = NO;
				DEBUG_INFORMATION_FORMAT = "dwarf-with-dsym";
				ENABLE_NS_ASSERTIONS = NO;
				ENABLE_STRICT_OBJC_MSGSEND = YES;
				ENABLE_USER_SCRIPT_SANDBOXING = NO;
				GCC_C_LANGUAGE_STANDARD = gnu17;
				GCC_NO_COMMON_BLOCKS = YES;
				GCC_WARN_64_TO_32_BIT_CONVERSION = YES;
				GCC_WARN_ABOUT_RETURN_TYPE = YES_ERROR;
				GCC_WARN_UNDECLARED_SELECTOR = YES;
				GCC_WARN_UNINITIALIZED_AUTOS = YES_AGGRESSIVE;
				GCC_WARN_UNUSED_FUNCTION = YES;
				GCC_WARN_UNUSED_VARIABLE = YES;
				IPHONEOS_DEPLOYMENT_TARGET = 17.4;
				LOCALIZATION_PREFERS_STRING_CATALOGS = YES;
				MTL_ENABLE_DEBUG_INFO = NO;
				MTL_FAST_MATH = YES;
				SDKROOT = iphoneos;
				SWIFT_COMPILATION_MODE = wholemodule;
				VALIDATE_PRODUCT = YES;
			};
			name = Release;
		};
		9E86380F2CA61BDF00B97189 /* Debug */ = {
			isa = XCBuildConfiguration;
			baseConfigurationReference = 6A48E798CC82829E9581F078 /* Pods-NvidiaAIExample.debug.xcconfig */;
			buildSettings = {
				ASSETCATALOG_COMPILER_APPICON_NAME = AppIcon;
				ASSETCATALOG_COMPILER_GLOBAL_ACCENT_COLOR_NAME = AccentColor;
				CODE_SIGN_STYLE = Automatic;
				CURRENT_PROJECT_VERSION = 1;
				DEVELOPMENT_TEAM = 39LDUJS32M;
				GENERATE_INFOPLIST_FILE = YES;
				INFOPLIST_FILE = NvidiaAIExample/Info.plist;
				INFOPLIST_KEY_UIApplicationSupportsIndirectInputEvents = YES;
				INFOPLIST_KEY_UILaunchStoryboardName = LaunchScreen;
				INFOPLIST_KEY_UIMainStoryboardFile = Main;
				INFOPLIST_KEY_UISupportedInterfaceOrientations_iPad = "UIInterfaceOrientationPortrait UIInterfaceOrientationPortraitUpsideDown UIInterfaceOrientationLandscapeLeft UIInterfaceOrientationLandscapeRight";
				INFOPLIST_KEY_UISupportedInterfaceOrientations_iPhone = "UIInterfaceOrientationPortrait UIInterfaceOrientationLandscapeLeft UIInterfaceOrientationLandscapeRight";
				LD_RUNPATH_SEARCH_PATHS = (
					"$(inherited)",
					"@executable_path/Frameworks",
				);
				MARKETING_VERSION = 1.0;
				PRODUCT_BUNDLE_IDENTIFIER = com.NvidiaAIExample;
				PRODUCT_NAME = "$(TARGET_NAME)";
				SWIFT_EMIT_LOC_STRINGS = YES;
				SWIFT_VERSION = 5.0;
				TARGETED_DEVICE_FAMILY = "1,2";
			};
			name = Debug;
		};
		9E8638102CA61BDF00B97189 /* Release */ = {
			isa = XCBuildConfiguration;
			baseConfigurationReference = 7A0763D5DA1DD7B92DE42051 /* Pods-NvidiaAIExample.release.xcconfig */;
			buildSettings = {
				ASSETCATALOG_COMPILER_APPICON_NAME = AppIcon;
				ASSETCATALOG_COMPILER_GLOBAL_ACCENT_COLOR_NAME = AccentColor;
				CODE_SIGN_STYLE = Automatic;
				CURRENT_PROJECT_VERSION = 1;
				DEVELOPMENT_TEAM = 39LDUJS32M;
				GENERATE_INFOPLIST_FILE = YES;
				INFOPLIST_FILE = NvidiaAIExample/Info.plist;
				INFOPLIST_KEY_UIApplicationSupportsIndirectInputEvents = YES;
				INFOPLIST_KEY_UILaunchStoryboardName = LaunchScreen;
				INFOPLIST_KEY_UIMainStoryboardFile = Main;
				INFOPLIST_KEY_UISupportedInterfaceOrientations_iPad = "UIInterfaceOrientationPortrait UIInterfaceOrientationPortraitUpsideDown UIInterfaceOrientationLandscapeLeft UIInterfaceOrientationLandscapeRight";
				INFOPLIST_KEY_UISupportedInterfaceOrientations_iPhone = "UIInterfaceOrientationPortrait UIInterfaceOrientationLandscapeLeft UIInterfaceOrientationLandscapeRight";
				LD_RUNPATH_SEARCH_PATHS = (
					"$(inherited)",
					"@executable_path/Frameworks",
				);
				MARKETING_VERSION = 1.0;
				PRODUCT_BUNDLE_IDENTIFIER = com.NvidiaAIExample;
				PRODUCT_NAME = "$(TARGET_NAME)";
				SWIFT_EMIT_LOC_STRINGS = YES;
				SWIFT_VERSION = 5.0;
				TARGETED_DEVICE_FAMILY = "1,2";
			};
			name = Release;
		};
/* End XCBuildConfiguration section */

/* Begin XCConfigurationList section */
		9E8637F52CA61BDC00B97189 /* Build configuration list for PBXProject "NvidiaAIExample" */ = {
			isa = XCConfigurationList;
			buildConfigurations = (
				9E86380C2CA61BDE00B97189 /* Debug */,
				9E86380D2CA61BDE00B97189 /* Release */,
			);
			defaultConfigurationIsVisible = 0;
			defaultConfigurationName = Release;
		};
		9E86380E2CA61BDF00B97189 /* Build configuration list for PBXNativeTarget "NvidiaAIExample" */ = {
			isa = XCConfigurationList;
			buildConfigurations = (
				9E86380F2CA61BDF00B97189 /* Debug */,
				9E8638102CA61BDF00B97189 /* Release */,
			);
			defaultConfigurationIsVisible = 0;
			defaultConfigurationName = Release;
		};
/* End XCConfigurationList section */
	};
	rootObject = 9E8637F22CA61BDC00B97189 /* Project object */;
}
